
Microsoft Visual Studio Solution File, Format Version 12.00
# Visual Studio 2012
Project("{FAE04EC0-301F-11D3-BF4B-00C04F79EFBC}") = "01.ExchangeIfGreater", "01.ExchangeIfGreater\01.ExchangeIfGreater.csproj", "{92179C79-7A83-417D-82F8-847F9B9C88BE}"
EndProject
Project("{FAE04EC0-301F-11D3-BF4B-00C04F79EFBC}") = "02.BonusScore", "02.BonusScore\02.BonusScore.csproj", "{BDFD8DA2-578B-41D1-B576-26B23C91FCF8}"
EndProject
Project("{FAE04EC0-301F-11D3-BF4B-00C04F79EFBC}") = "03.CheckForAPlayCard", "03. CheckForAPlayCard\03.CheckForAPlayCard.csproj", "{5F869E45-6136-4FFE-B739-D29C1391F706}"
EndProject
Project("{FAE04EC0-301F-11D3-BF4B-00C04F79EFBC}") = "04.MultiplicationSign", "04.MultiplicationSign\04.MultiplicationSign.csproj", "{E88C3B56-5820-440B-80A3-AB9F84DAB680}"
EndProject
Project("{FAE04EC0-301F-11D3-BF4B-00C04F79EFBC}") = "05.TheBiggestOfThreeNumbers", "05.TheBiggestOfThreeNumbers\05.TheBiggestOfThreeNumbers.csproj", "{3772320B-3EEC-4A62-8624-C3CE482C9D84}"
EndProject
Project("{FAE04EC0-301F-11D3-BF4B-00C04F79EFBC}") = "06.TheBiggestOfFiveNumbers", "06.TheBiggestOfFiveNumbers\06.TheBiggestOfFiveNumbers.csproj", "{A6BDD112-2D43-4C87-85C7-EB6703B4BD08}"
EndProject
Project("{FAE04EC0-301F-11D3-BF4B-00C04F79EFBC}") = "07.Sort3NumbersWithNestedIfs", "07.Sort3NumbersWithNestedIfs\07.Sort3NumbersWithNestedIfs.csproj", "{6011120C-150E-47A0-BB81-51BD8EC8D8D0}"
EndProject
Project("{FAE04EC0-301F-11D3-BF4B-00C04F79EFBC}") = "08.DigitAsWord", "08.DigitAsWord\08.DigitAsWord.csproj", "{1F0076B1-C59F-463A-AF8F-37BDD3C495A9}"
EndProject
Project("{FAE04EC0-301F-11D3-BF4B-00C04F79EFBC}") = "09.PlayWithIntDoubleString", "09.PlayWithIntDoubleString\09.PlayWithIntDoubleString.csproj", "{707DACDC-C205-48F2-BDF5-68D8811EDF1C}"
EndProject
Global
	GlobalSection(SolutionConfigurationPlatforms) = preSolution
		Debug|Any CPU = Debug|Any CPU
		Release|Any CPU = Release|Any CPU
	EndGlobalSection
	GlobalSection(ProjectConfigurationPlatforms) = postSolution
		{92179C79-7A83-417D-82F8-847F9B9C88BE}.Debug|Any CPU.ActiveCfg = Debug|Any CPU
		{92179C79-7A83-417D-82F8-847F9B9C88BE}.Debug|Any CPU.Build.0 = Debug|Any CPU
		{92179C79-7A83-417D-82F8-847F9B9C88BE}.Release|Any CPU.ActiveCfg = Release|Any CPU
		{92179C79-7A83-417D-82F8-847F9B9C88BE}.Release|Any CPU.Build.0 = Release|Any CPU
		{BDFD8DA2-578B-41D1-B576-26B23C91FCF8}.Debug|Any CPU.ActiveCfg = Debug|Any CPU
		{BDFD8DA2-578B-41D1-B576-26B23C91FCF8}.Debug|Any CPU.Build.0 = Debug|Any CPU
		{BDFD8DA2-578B-41D1-B576-26B23C91FCF8}.Release|Any CPU.ActiveCfg = Release|Any CPU
		{BDFD8DA2-578B-41D1-B576-26B23C91FCF8}.Release|Any CPU.Build.0 = Release|Any CPU
		{5F869E45-6136-4FFE-B739-D29C1391F706}.Debug|Any CPU.ActiveCfg = Debug|Any CPU
		{5F869E45-6136-4FFE-B739-D29C1391F706}.Debug|Any CPU.Build.0 = Debug|Any CPU
		{5F869E45-6136-4FFE-B739-D29C1391F706}.Release|Any CPU.ActiveCfg = Release|Any CPU
		{5F869E45-6136-4FFE-B739-D29C1391F706}.Release|Any CPU.Build.0 = Release|Any CPU
		{E88C3B56-5820-440B-80A3-AB9F84DAB680}.Debug|Any CPU.ActiveCfg = Debug|Any CPU
		{E88C3B56-5820-440B-80A3-AB9F84DAB680}.Debug|Any CPU.Build.0 = Debug|Any CPU
		{E88C3B56-5820-440B-80A3-AB9F84DAB680}.Release|Any CPU.ActiveCfg = Release|Any CPU
		{E88C3B56-5820-440B-80A3-AB9F84DAB680}.Release|Any CPU.Build.0 = Release|Any CPU
		{3772320B-3EEC-4A62-8624-C3CE482C9D84}.Debug|Any CPU.ActiveCfg = Debug|Any CPU
		{3772320B-3EEC-4A62-8624-C3CE482C9D84}.Debug|Any CPU.Build.0 = Debug|Any CPU
		{3772320B-3EEC-4A62-8624-C3CE482C9D84}.Release|Any CPU.ActiveCfg = Release|Any CPU
		{3772320B-3EEC-4A62-8624-C3CE482C9D84}.Release|Any CPU.Build.0 = Release|Any CPU
		{A6BDD112-2D43-4C87-85C7-EB6703B4BD08}.Debug|Any CPU.ActiveCfg = Debug|Any CPU
		{A6BDD112-2D43-4C87-85C7-EB6703B4BD08}.Debug|Any CPU.Build.0 = Debug|Any CPU
		{A6BDD112-2D43-4C87-85C7-EB6703B4BD08}.Release|Any CPU.ActiveCfg = Release|Any CPU
		{A6BDD112-2D43-4C87-85C7-EB6703B4BD08}.Release|Any CPU.Build.0 = Release|Any CPU
		{6011120C-150E-47A0-BB81-51BD8EC8D8D0}.Debug|Any CPU.ActiveCfg = Debug|Any CPU
		{6011120C-150E-47A0-BB81-51BD8EC8D8D0}.Debug|Any CPU.Build.0 = Debug|Any CPU
		{6011120C-150E-47A0-BB81-51BD8EC8D8D0}.Release|Any CPU.ActiveCfg = Release|Any CPU
		{6011120C-150E-47A0-BB81-51BD8EC8D8D0}.Release|Any CPU.Build.0 = Release|Any CPU
		{1F0076B1-C59F-463A-AF8F-37BDD3C495A9}.Debug|Any CPU.ActiveCfg = Debug|Any CPU
		{1F0076B1-C59F-463A-AF8F-37BDD3C495A9}.Debug|Any CPU.Build.0 = Debug|Any CPU
		{1F0076B1-C59F-463A-AF8F-37BDD3C495A9}.Release|Any CPU.ActiveCfg = Release|Any CPU
		{1F0076B1-C59F-463A-AF8F-37BDD3C495A9}.Release|Any CPU.Build.0 = Release|Any CPU
		{707DACDC-C205-48F2-BDF5-68D8811EDF1C}.Debug|Any CPU.ActiveCfg = Debug|Any CPU
		{707DACDC-C205-48F2-BDF5-68D8811EDF1C}.Debug|Any CPU.Build.0 = Debug|Any CPU
		{707DACDC-C205-48F2-BDF5-68D8811EDF1C}.Release|Any CPU.ActiveCfg = Release|Any CPU
		{707DACDC-C205-48F2-BDF5-68D8811EDF1C}.Release|Any CPU.Build.0 = Release|Any CPU
	EndGlobalSection
	GlobalSection(SolutionProperties) = preSolution
		HideSolutionNode = FALSE
	EndGlobalSection
EndGlobal
